
Microsoft Visual Studio Solution File, Format Version 12.00
# Visual Studio Version 17
VisualStudioVersion = 17.4.33213.308
MinimumVisualStudioVersion = 10.0.40219.1
Project("{9A19103F-16F7-4668-BE54-9A1E7A4F7556}") = "DwellEase.Service", "DwellEase.Service\DwellEase.Service.csproj", "{B25900FC-99C0-4F37-9F84-DD788FB03255}"
EndProject
Project("{9A19103F-16F7-4668-BE54-9A1E7A4F7556}") = "DwellEase.Domain", "DwellEase.Domain\DwellEase.Domain.csproj", "{8F1BCCFF-3CB0-46BC-AFDC-66C039DF67EC}"
EndProject
Project("{9A19103F-16F7-4668-BE54-9A1E7A4F7556}") = "DwellEase.DataManagement", "DwellEase.DataManagement\DwellEase.DataManagement.csproj", "{23C9FFAF-C29B-47D2-A83A-777319651773}"
EndProject
Project("{9A19103F-16F7-4668-BE54-9A1E7A4F7556}") = "DwellEase.Tests", "DwellEase.Tests\DwellEase.Tests.csproj", "{F65AC22C-7355-4944-B0D5-A9BCCAC0D3BC}"
EndProject
Project("{9A19103F-16F7-4668-BE54-9A1E7A4F7556}") = "DwellEase.WebAPI", "DwellEase.WebAPI\DwellEase.WebAPI.csproj", "{E6C552B3-DF89-4A71-9C04-C033D17DFA28}"
EndProject
Project("{9A19103F-16F7-4668-BE54-9A1E7A4F7556}") = "DwellEase.SharedLibrary", "DwellEase.SharedLibrary\DwellEase.SharedLibrary.csproj", "{360FCE77-F90C-4782-ABA5-54C40A9BED1C}"
EndProject
Project("{9A19103F-16F7-4668-BE54-9A1E7A4F7556}") = "DwellEase.DesktopClient", "DwellEase.DesktopClient\DwellEase.DesktopClient.csproj", "{0A1BC1CE-3E50-4DC8-B14B-7083D7662EA7}"
EndProject
Project("{FAE04EC0-301F-11D3-BF4B-00C04F79EFBC}") = "DwellEase.WebClient", "DwellEase.WebClient\DwellEase.WebClient.csproj", "{5A13A807-F4B8-4857-BDA0-83F20D300BD4}"
EndProject
Global
	GlobalSection(SolutionConfigurationPlatforms) = preSolution
		Debug|Any CPU = Debug|Any CPU
		Release|Any CPU = Release|Any CPU
	EndGlobalSection
	GlobalSection(ProjectConfigurationPlatforms) = postSolution
		{B25900FC-99C0-4F37-9F84-DD788FB03255}.Debug|Any CPU.ActiveCfg = Debug|Any CPU
		{B25900FC-99C0-4F37-9F84-DD788FB03255}.Debug|Any CPU.Build.0 = Debug|Any CPU
		{B25900FC-99C0-4F37-9F84-DD788FB03255}.Release|Any CPU.ActiveCfg = Release|Any CPU
		{B25900FC-99C0-4F37-9F84-DD788FB03255}.Release|Any CPU.Build.0 = Release|Any CPU
		{8F1BCCFF-3CB0-46BC-AFDC-66C039DF67EC}.Debug|Any CPU.ActiveCfg = Debug|Any CPU
		{8F1BCCFF-3CB0-46BC-AFDC-66C039DF67EC}.Debug|Any CPU.Build.0 = Debug|Any CPU
		{8F1BCCFF-3CB0-46BC-AFDC-66C039DF67EC}.Release|Any CPU.ActiveCfg = Release|Any CPU
		{8F1BCCFF-3CB0-46BC-AFDC-66C039DF67EC}.Release|Any CPU.Build.0 = Release|Any CPU
		{23C9FFAF-C29B-47D2-A83A-777319651773}.Debug|Any CPU.ActiveCfg = Debug|Any CPU
		{23C9FFAF-C29B-47D2-A83A-777319651773}.Debug|Any CPU.Build.0 = Debug|Any CPU
		{23C9FFAF-C29B-47D2-A83A-777319651773}.Release|Any CPU.ActiveCfg = Release|Any CPU
		{23C9FFAF-C29B-47D2-A83A-777319651773}.Release|Any CPU.Build.0 = Release|Any CPU
		{F65AC22C-7355-4944-B0D5-A9BCCAC0D3BC}.Debug|Any CPU.ActiveCfg = Debug|Any CPU
		{F65AC22C-7355-4944-B0D5-A9BCCAC0D3BC}.Debug|Any CPU.Build.0 = Debug|Any CPU
		{F65AC22C-7355-4944-B0D5-A9BCCAC0D3BC}.Release|Any CPU.ActiveCfg = Release|Any CPU
		{F65AC22C-7355-4944-B0D5-A9BCCAC0D3BC}.Release|Any CPU.Build.0 = Release|Any CPU
		{E6C552B3-DF89-4A71-9C04-C033D17DFA28}.Debug|Any CPU.ActiveCfg = Debug|Any CPU
		{E6C552B3-DF89-4A71-9C04-C033D17DFA28}.Debug|Any CPU.Build.0 = Debug|Any CPU
		{E6C552B3-DF89-4A71-9C04-C033D17DFA28}.Release|Any CPU.ActiveCfg = Release|Any CPU
		{E6C552B3-DF89-4A71-9C04-C033D17DFA28}.Release|Any CPU.Build.0 = Release|Any CPU
		{360FCE77-F90C-4782-ABA5-54C40A9BED1C}.Debug|Any CPU.ActiveCfg = Debug|Any CPU
		{360FCE77-F90C-4782-ABA5-54C40A9BED1C}.Debug|Any CPU.Build.0 = Debug|Any CPU
		{360FCE77-F90C-4782-ABA5-54C40A9BED1C}.Release|Any CPU.ActiveCfg = Release|Any CPU
		{360FCE77-F90C-4782-ABA5-54C40A9BED1C}.Release|Any CPU.Build.0 = Release|Any CPU
		{0A1BC1CE-3E50-4DC8-B14B-7083D7662EA7}.Debug|Any CPU.ActiveCfg = Debug|Any CPU
		{0A1BC1CE-3E50-4DC8-B14B-7083D7662EA7}.Debug|Any CPU.Build.0 = Debug|Any CPU
		{0A1BC1CE-3E50-4DC8-B14B-7083D7662EA7}.Release|Any CPU.ActiveCfg = Release|Any CPU
		{0A1BC1CE-3E50-4DC8-B14B-7083D7662EA7}.Release|Any CPU.Build.0 = Release|Any CPU
		{5A13A807-F4B8-4857-BDA0-83F20D300BD4}.Debug|Any CPU.ActiveCfg = Debug|Any CPU
		{5A13A807-F4B8-4857-BDA0-83F20D300BD4}.Debug|Any CPU.Build.0 = Debug|Any CPU
		{5A13A807-F4B8-4857-BDA0-83F20D300BD4}.Release|Any CPU.ActiveCfg = Release|Any CPU
		{5A13A807-F4B8-4857-BDA0-83F20D300BD4}.Release|Any CPU.Build.0 = Release|Any CPU
	EndGlobalSection
	GlobalSection(SolutionProperties) = preSolution
		HideSolutionNode = FALSE
	EndGlobalSection
	GlobalSection(ExtensibilityGlobals) = postSolution
		SolutionGuid = {8386AA65-58A3-4726-9FF6-9474FF574D31}
	EndGlobalSection
EndGlobal
